// !$*UTF8*$!
{
	archiveVersion = 1;
	classes = {
	};
	objectVersion = 46;
	objects = {

/* Begin PBXBuildFile section */
		150720BB1CDC3F1100C3ED34 /* PartyFormViewController.swift in Sources */ = {isa = PBXBuildFile; fileRef = 150720BA1CDC3F1100C3ED34 /* PartyFormViewController.swift */; };
		150720BF1CDC40EA00C3ED34 /* FBSDKCoreKit.framework in Frameworks */ = {isa = PBXBuildFile; fileRef = 150720BC1CDC40EA00C3ED34 /* FBSDKCoreKit.framework */; };
		150720C01CDC40EA00C3ED34 /* FBSDKLoginKit.framework in Frameworks */ = {isa = PBXBuildFile; fileRef = 150720BD1CDC40EA00C3ED34 /* FBSDKLoginKit.framework */; };
		150720C11CDC40EA00C3ED34 /* FBSDKShareKit.framework in Frameworks */ = {isa = PBXBuildFile; fileRef = 150720BE1CDC40EA00C3ED34 /* FBSDKShareKit.framework */; };
		150720C31CDC425000C3ED34 /* LoginViewController.swift in Sources */ = {isa = PBXBuildFile; fileRef = 150720C21CDC425000C3ED34 /* LoginViewController.swift */; };
		15AC98741CDC4CB900DD9B88 /* DialogService.swift in Sources */ = {isa = PBXBuildFile; fileRef = 15AC98731CDC4CB900DD9B88 /* DialogService.swift */; };
		15C40E011CDC182600070C13 /* AppDelegate.swift in Sources */ = {isa = PBXBuildFile; fileRef = 15C40E001CDC182600070C13 /* AppDelegate.swift */; };
		15C40E031CDC182600070C13 /* ViewController.swift in Sources */ = {isa = PBXBuildFile; fileRef = 15C40E021CDC182600070C13 /* ViewController.swift */; };
		15C40E061CDC182600070C13 /* Main.storyboard in Resources */ = {isa = PBXBuildFile; fileRef = 15C40E041CDC182600070C13 /* Main.storyboard */; };
		15C40E091CDC182600070C13 /* Dictator.xcdatamodeld in Sources */ = {isa = PBXBuildFile; fileRef = 15C40E071CDC182600070C13 /* Dictator.xcdatamodeld */; };
		15C40E0B1CDC182600070C13 /* Assets.xcassets in Resources */ = {isa = PBXBuildFile; fileRef = 15C40E0A1CDC182600070C13 /* Assets.xcassets */; };
		15C40E0E1CDC182600070C13 /* LaunchScreen.storyboard in Resources */ = {isa = PBXBuildFile; fileRef = 15C40E0C1CDC182600070C13 /* LaunchScreen.storyboard */; };
		B563DB040A64FFDA4CBABB3F /* Pods_Dictator.framework in Frameworks */ = {isa = PBXBuildFile; fileRef = 13CE57312F5D92651BC775B8 /* Pods_Dictator.framework */; };
/* End PBXBuildFile section */

/* Begin PBXFileReference section */
		13CE57312F5D92651BC775B8 /* Pods_Dictator.framework */ = {isa = PBXFileReference; explicitFileType = wrapper.framework; includeInIndex = 0; path = Pods_Dictator.framework; sourceTree = BUILT_PRODUCTS_DIR; };
		150720BA1CDC3F1100C3ED34 /* PartyFormViewController.swift */ = {isa = PBXFileReference; fileEncoding = 4; lastKnownFileType = sourcecode.swift; path = PartyFormViewController.swift; sourceTree = "<group>"; };
		150720BC1CDC40EA00C3ED34 /* FBSDKCoreKit.framework */ = {isa = PBXFileReference; lastKnownFileType = wrapper.framework; path = FBSDKCoreKit.framework; sourceTree = "<group>"; };
		150720BD1CDC40EA00C3ED34 /* FBSDKLoginKit.framework */ = {isa = PBXFileReference; lastKnownFileType = wrapper.framework; path = FBSDKLoginKit.framework; sourceTree = "<group>"; };
		150720BE1CDC40EA00C3ED34 /* FBSDKShareKit.framework */ = {isa = PBXFileReference; lastKnownFileType = wrapper.framework; path = FBSDKShareKit.framework; sourceTree = "<group>"; };
		150720C21CDC425000C3ED34 /* LoginViewController.swift */ = {isa = PBXFileReference; fileEncoding = 4; lastKnownFileType = sourcecode.swift; path = LoginViewController.swift; sourceTree = "<group>"; };
		150720C41CDC433100C3ED34 /* Dictator-Bridging-Header.h */ = {isa = PBXFileReference; lastKnownFileType = sourcecode.c.h; path = "Dictator-Bridging-Header.h"; sourceTree = "<group>"; };
		15AC98731CDC4CB900DD9B88 /* DialogService.swift */ = {isa = PBXFileReference; fileEncoding = 4; lastKnownFileType = sourcecode.swift; path = DialogService.swift; sourceTree = "<group>"; };
		15C40DFD1CDC182600070C13 /* Dictator.app */ = {isa = PBXFileReference; explicitFileType = wrapper.application; includeInIndex = 0; path = Dictator.app; sourceTree = BUILT_PRODUCTS_DIR; };
		15C40E001CDC182600070C13 /* AppDelegate.swift */ = {isa = PBXFileReference; lastKnownFileType = sourcecode.swift; path = AppDelegate.swift; sourceTree = "<group>"; };
		15C40E021CDC182600070C13 /* ViewController.swift */ = {isa = PBXFileReference; lastKnownFileType = sourcecode.swift; path = ViewController.swift; sourceTree = "<group>"; };
		15C40E051CDC182600070C13 /* Base */ = {isa = PBXFileReference; lastKnownFileType = file.storyboard; name = Base; path = Base.lproj/Main.storyboard; sourceTree = "<group>"; };
		15C40E081CDC182600070C13 /* Dictator.xcdatamodel */ = {isa = PBXFileReference; lastKnownFileType = wrapper.xcdatamodel; path = Dictator.xcdatamodel; sourceTree = "<group>"; };
		15C40E0A1CDC182600070C13 /* Assets.xcassets */ = {isa = PBXFileReference; lastKnownFileType = folder.assetcatalog; path = Assets.xcassets; sourceTree = "<group>"; };
		15C40E0D1CDC182600070C13 /* Base */ = {isa = PBXFileReference; lastKnownFileType = file.storyboard; name = Base; path = Base.lproj/LaunchScreen.storyboard; sourceTree = "<group>"; };
		15C40E0F1CDC182600070C13 /* Info.plist */ = {isa = PBXFileReference; lastKnownFileType = text.plist.xml; path = Info.plist; sourceTree = "<group>"; };
		9D0C6E1755CA3EDFECE89F54 /* Pods-Dictator.release.xcconfig */ = {isa = PBXFileReference; includeInIndex = 1; lastKnownFileType = text.xcconfig; name = "Pods-Dictator.release.xcconfig"; path = "Pods/Target Support Files/Pods-Dictator/Pods-Dictator.release.xcconfig"; sourceTree = "<group>"; };
		FC85D8FCD2B293CFF80C0783 /* Pods-Dictator.debug.xcconfig */ = {isa = PBXFileReference; includeInIndex = 1; lastKnownFileType = text.xcconfig; name = "Pods-Dictator.debug.xcconfig"; path = "Pods/Target Support Files/Pods-Dictator/Pods-Dictator.debug.xcconfig"; sourceTree = "<group>"; };
/* End PBXFileReference section */

/* Begin PBXFrameworksBuildPhase section */
		15C40DFA1CDC182600070C13 /* Frameworks */ = {
			isa = PBXFrameworksBuildPhase;
			buildActionMask = 2147483647;
			files = (
				150720C11CDC40EA00C3ED34 /* FBSDKShareKit.framework in Frameworks */,
				B563DB040A64FFDA4CBABB3F /* Pods_Dictator.framework in Frameworks */,
				150720BF1CDC40EA00C3ED34 /* FBSDKCoreKit.framework in Frameworks */,
				150720C01CDC40EA00C3ED34 /* FBSDKLoginKit.framework in Frameworks */,
			);
			runOnlyForDeploymentPostprocessing = 0;
		};
/* End PBXFrameworksBuildPhase section */

/* Begin PBXGroup section */
		150720B91CDC3E1700C3ED34 /* ViewControllers */ = {
			isa = PBXGroup;
			children = (
				150720BA1CDC3F1100C3ED34 /* PartyFormViewController.swift */,
				150720C21CDC425000C3ED34 /* LoginViewController.swift */,
			);
			name = ViewControllers;
			sourceTree = "<group>";
		};
		15AC98711CDC4C8000DD9B88 /* Classes */ = {
			isa = PBXGroup;
			children = (
				15AC98721CDC4C8F00DD9B88 /* Services */,
				150720B91CDC3E1700C3ED34 /* ViewControllers */,
			);
			name = Classes;
			sourceTree = "<group>";
		};
		15AC98721CDC4C8F00DD9B88 /* Services */ = {
			isa = PBXGroup;
			children = (
				15AC98731CDC4CB900DD9B88 /* DialogService.swift */,
			);
			name = Services;
			sourceTree = "<group>";
		};
		15C40DF41CDC182600070C13 = {
			isa = PBXGroup;
			children = (
				15C40DFF1CDC182600070C13 /* Dictator */,
				15C40DFE1CDC182600070C13 /* Products */,
				EDB4E45E4D713EB06AB421FE /* Pods */,
				7DF3E2C05E79536C276FAF81 /* Frameworks */,
			);
			sourceTree = "<group>";
		};
		15C40DFE1CDC182600070C13 /* Products */ = {
			isa = PBXGroup;
			children = (
				15C40DFD1CDC182600070C13 /* Dictator.app */,
			);
			name = Products;
			sourceTree = "<group>";
		};
		15C40DFF1CDC182600070C13 /* Dictator */ = {
			isa = PBXGroup;
			children = (
				15AC98711CDC4C8000DD9B88 /* Classes */,
				15C40E001CDC182600070C13 /* AppDelegate.swift */,
				15C40E021CDC182600070C13 /* ViewController.swift */,
				15C40E041CDC182600070C13 /* Main.storyboard */,
				15C40E0A1CDC182600070C13 /* Assets.xcassets */,
				15C40E0C1CDC182600070C13 /* LaunchScreen.storyboard */,
				15C40E0F1CDC182600070C13 /* Info.plist */,
				150720C41CDC433100C3ED34 /* Dictator-Bridging-Header.h */,
				15C40E071CDC182600070C13 /* Dictator.xcdatamodeld */,
			);
			path = Dictator;
			sourceTree = "<group>";
		};
		7DF3E2C05E79536C276FAF81 /* Frameworks */ = {
			isa = PBXGroup;
			children = (
				150720BC1CDC40EA00C3ED34 /* FBSDKCoreKit.framework */,
				150720BD1CDC40EA00C3ED34 /* FBSDKLoginKit.framework */,
				150720BE1CDC40EA00C3ED34 /* FBSDKShareKit.framework */,
				13CE57312F5D92651BC775B8 /* Pods_Dictator.framework */,
			);
			name = Frameworks;
			sourceTree = "<group>";
		};
		EDB4E45E4D713EB06AB421FE /* Pods */ = {
			isa = PBXGroup;
			children = (
				FC85D8FCD2B293CFF80C0783 /* Pods-Dictator.debug.xcconfig */,
				9D0C6E1755CA3EDFECE89F54 /* Pods-Dictator.release.xcconfig */,
			);
			name = Pods;
			sourceTree = "<group>";
		};
/* End PBXGroup section */

/* Begin PBXNativeTarget section */
		15C40DFC1CDC182600070C13 /* Dictator */ = {
			isa = PBXNativeTarget;
			buildConfigurationList = 15C40E121CDC182600070C13 /* Build configuration list for PBXNativeTarget "Dictator" */;
			buildPhases = (
				F2488769A273E19C1FE402C2 /* Check Pods Manifest.lock */,
				15C40DF91CDC182600070C13 /* Sources */,
				15C40DFA1CDC182600070C13 /* Frameworks */,
				15C40DFB1CDC182600070C13 /* Resources */,
				D68887F8C4DAB9FACF8AA131 /* Embed Pods Frameworks */,
				0F23E1B17ADF1A5E6D76E4CF /* Copy Pods Resources */,
			);
			buildRules = (
			);
			dependencies = (
			);
			name = Dictator;
			productName = Dictator;
			productReference = 15C40DFD1CDC182600070C13 /* Dictator.app */;
			productType = "com.apple.product-type.application";
		};
/* End PBXNativeTarget section */

/* Begin PBXProject section */
		15C40DF51CDC182600070C13 /* Project object */ = {
			isa = PBXProject;
			attributes = {
				LastSwiftUpdateCheck = 0730;
				LastUpgradeCheck = 0730;
				ORGANIZATIONNAME = "Eran Kaufman";
				TargetAttributes = {
					15C40DFC1CDC182600070C13 = {
						CreatedOnToolsVersion = 7.3;
					};
				};
			};
			buildConfigurationList = 15C40DF81CDC182600070C13 /* Build configuration list for PBXProject "Dictator" */;
			compatibilityVersion = "Xcode 3.2";
			developmentRegion = English;
			hasScannedForEncodings = 0;
			knownRegions = (
				en,
				Base,
			);
			mainGroup = 15C40DF41CDC182600070C13;
			productRefGroup = 15C40DFE1CDC182600070C13 /* Products */;
			projectDirPath = "";
			projectRoot = "";
			targets = (
				15C40DFC1CDC182600070C13 /* Dictator */,
			);
		};
/* End PBXProject section */

/* Begin PBXResourcesBuildPhase section */
		15C40DFB1CDC182600070C13 /* Resources */ = {
			isa = PBXResourcesBuildPhase;
			buildActionMask = 2147483647;
			files = (
				15C40E0E1CDC182600070C13 /* LaunchScreen.storyboard in Resources */,
				15C40E0B1CDC182600070C13 /* Assets.xcassets in Resources */,
				15C40E061CDC182600070C13 /* Main.storyboard in Resources */,
			);
			runOnlyForDeploymentPostprocessing = 0;
		};
/* End PBXResourcesBuildPhase section */

/* Begin PBXShellScriptBuildPhase section */
		0F23E1B17ADF1A5E6D76E4CF /* Copy Pods Resources */ = {
			isa = PBXShellScriptBuildPhase;
			buildActionMask = 2147483647;
			files = (
			);
			inputPaths = (
			);
			name = "Copy Pods Resources";
			outputPaths = (
			);
			runOnlyForDeploymentPostprocessing = 0;
			shellPath = /bin/sh;
			shellScript = "\"${SRCROOT}/Pods/Target Support Files/Pods-Dictator/Pods-Dictator-resources.sh\"\n";
			showEnvVarsInLog = 0;
		};
		D68887F8C4DAB9FACF8AA131 /* Embed Pods Frameworks */ = {
			isa = PBXShellScriptBuildPhase;
			buildActionMask = 2147483647;
			files = (
			);
			inputPaths = (
			);
			name = "Embed Pods Frameworks";
			outputPaths = (
			);
			runOnlyForDeploymentPostprocessing = 0;
			shellPath = /bin/sh;
			shellScript = "\"${SRCROOT}/Pods/Target Support Files/Pods-Dictator/Pods-Dictator-frameworks.sh\"\n";
			showEnvVarsInLog = 0;
		};
		F2488769A273E19C1FE402C2 /* Check Pods Manifest.lock */ = {
			isa = PBXShellScriptBuildPhase;
			buildActionMask = 2147483647;
			files = (
			);
			inputPaths = (
			);
			name = "Check Pods Manifest.lock";
			outputPaths = (
			);
			runOnlyForDeploymentPostprocessing = 0;
			shellPath = /bin/sh;
			shellScript = "diff \"${PODS_ROOT}/../Podfile.lock\" \"${PODS_ROOT}/Manifest.lock\" > /dev/null\nif [[ $? != 0 ]] ; then\n    cat << EOM\nerror: The sandbox is not in sync with the Podfile.lock. Run 'pod install' or update your CocoaPods installation.\nEOM\n    exit 1\nfi\n";
			showEnvVarsInLog = 0;
		};
/* End PBXShellScriptBuildPhase section */

/* Begin PBXSourcesBuildPhase section */
		15C40DF91CDC182600070C13 /* Sources */ = {
			isa = PBXSourcesBuildPhase;
			buildActionMask = 2147483647;
			files = (
				15C40E031CDC182600070C13 /* ViewController.swift in Sources */,
				15C40E091CDC182600070C13 /* Dictator.xcdatamodeld in Sources */,
				15C40E011CDC182600070C13 /* AppDelegate.swift in Sources */,
				150720C31CDC425000C3ED34 /* LoginViewController.swift in Sources */,
				150720BB1CDC3F1100C3ED34 /* PartyFormViewController.swift in Sources */,
				15AC98741CDC4CB900DD9B88 /* DialogService.swift in Sources */,
			);
			runOnlyForDeploymentPostprocessing = 0;
		};
/* End PBXSourcesBuildPhase section */

/* Begin PBXVariantGroup section */
		15C40E041CDC182600070C13 /* Main.storyboard */ = {
			isa = PBXVariantGroup;
			children = (
				15C40E051CDC182600070C13 /* Base */,
			);
			name = Main.storyboard;
			sourceTree = "<group>";
		};
		15C40E0C1CDC182600070C13 /* LaunchScreen.storyboard */ = {
			isa = PBXVariantGroup;
			children = (
				15C40E0D1CDC182600070C13 /* Base */,
			);
			name = LaunchScreen.storyboard;
			sourceTree = "<group>";
		};
/* End PBXVariantGroup section */

/* Begin XCBuildConfiguration section */
		15C40E101CDC182600070C13 /* Debug */ = {
			isa = XCBuildConfiguration;
			buildSettings = {
				ALWAYS_SEARCH_USER_PATHS = NO;
				CLANG_ANALYZER_NONNULL = YES;
				CLANG_CXX_LANGUAGE_STANDARD = "gnu++0x";
				CLANG_CXX_LIBRARY = "libc++";
				CLANG_ENABLE_MODULES = YES;
				CLANG_ENABLE_OBJC_ARC = YES;
				CLANG_WARN_BOOL_CONVERSION = YES;
				CLANG_WARN_CONSTANT_CONVERSION = YES;
				CLANG_WARN_DIRECT_OBJC_ISA_USAGE = YES_ERROR;
				CLANG_WARN_EMPTY_BODY = YES;
				CLANG_WARN_ENUM_CONVERSION = YES;
				CLANG_WARN_INT_CONVERSION = YES;
				CLANG_WARN_OBJC_ROOT_CLASS = YES_ERROR;
				CLANG_WARN_UNREACHABLE_CODE = YES;
				CLANG_WARN__DUPLICATE_METHOD_MATCH = YES;
				"CODE_SIGN_IDENTITY[sdk=iphoneos*]" = "iPhone Developer";
				COPY_PHASE_STRIP = NO;
				DEBUG_INFORMATION_FORMAT = dwarf;
				ENABLE_STRICT_OBJC_MSGSEND = YES;
				ENABLE_TESTABILITY = YES;
				GCC_C_LANGUAGE_STANDARD = gnu99;
				GCC_DYNAMIC_NO_PIC = NO;
				GCC_NO_COMMON_BLOCKS = YES;
				GCC_OPTIMIZATION_LEVEL = 0;
				GCC_PREPROCESSOR_DEFINITIONS = (
					"DEBUG=1",
					"$(inherited)",
				);
				GCC_WARN_64_TO_32_BIT_CONVERSION = YES;
				GCC_WARN_ABOUT_RETURN_TYPE = YES_ERROR;
				GCC_WARN_UNDECLARED_SELECTOR = YES;
				GCC_WARN_UNINITIALIZED_AUTOS = YES_AGGRESSIVE;
				GCC_WARN_UNUSED_FUNCTION = YES;
				GCC_WARN_UNUSED_VARIABLE = YES;
				IPHONEOS_DEPLOYMENT_TARGET = 9.3;
				MTL_ENABLE_DEBUG_INFO = YES;
				ONLY_ACTIVE_ARCH = YES;
				SDKROOT = iphoneos;
				SWIFT_OPTIMIZATION_LEVEL = "-Onone";
				TARGETED_DEVICE_FAMILY = "1,2";
			};
			name = Debug;
		};
		15C40E111CDC182600070C13 /* Release */ = {
			isa = XCBuildConfiguration;
			buildSettings = {
				ALWAYS_SEARCH_USER_PATHS = NO;
				CLANG_ANALYZER_NONNULL = YES;
				CLANG_CXX_LANGUAGE_STANDARD = "gnu++0x";
				CLANG_CXX_LIBRARY = "libc++";
				CLANG_ENABLE_MODULES = YES;
				CLANG_ENABLE_OBJC_ARC = YES;
				CLANG_WARN_BOOL_CONVERSION = YES;
				CLANG_WARN_CONSTANT_CONVERSION = YES;
				CLANG_WARN_DIRECT_OBJC_ISA_USAGE = YES_ERROR;
				CLANG_WARN_EMPTY_BODY = YES;
				CLANG_WARN_ENUM_CONVERSION = YES;
				CLANG_WARN_INT_CONVERSION = YES;
				CLANG_WARN_OBJC_ROOT_CLASS = YES_ERROR;
				CLANG_WARN_UNREACHABLE_CODE = YES;
				CLANG_WARN__DUPLICATE_METHOD_MATCH = YES;
				"CODE_SIGN_IDENTITY[sdk=iphoneos*]" = "iPhone Developer";
				COPY_PHASE_STRIP = NO;
				DEBUG_INFORMATION_FORMAT = "dwarf-with-dsym";
				ENABLE_NS_ASSERTIONS = NO;
				ENABLE_STRICT_OBJC_MSGSEND = YES;
				GCC_C_LANGUAGE_STANDARD = gnu99;
				GCC_NO_COMMON_BLOCKS = YES;
				GCC_WARN_64_TO_32_BIT_CONVERSION = YES;
				GCC_WARN_ABOUT_RETURN_TYPE = YES_ERROR;
				GCC_WARN_UNDECLARED_SELECTOR = YES;
				GCC_WARN_UNINITIALIZED_AUTOS = YES_AGGRESSIVE;
				GCC_WARN_UNUSED_FUNCTION = YES;
				GCC_WARN_UNUSED_VARIABLE = YES;
				IPHONEOS_DEPLOYMENT_TARGET = 9.3;
				MTL_ENABLE_DEBUG_INFO = NO;
				SDKROOT = iphoneos;
				TARGETED_DEVICE_FAMILY = "1,2";
				VALIDATE_PRODUCT = YES;
			};
			name = Release;
		};
		15C40E131CDC182600070C13 /* Debug */ = {
			isa = XCBuildConfiguration;
			baseConfigurationReference = FC85D8FCD2B293CFF80C0783 /* Pods-Dictator.debug.xcconfig */;
			buildSettings = {
				ASSETCATALOG_COMPILER_APPICON_NAME = AppIcon;
				FRAMEWORK_SEARCH_PATHS = (
					"$(inherited)",
					"$(PROJECT_DIR)",
				);
				INFOPLIST_FILE = Dictator/Info.plist;
				LD_RUNPATH_SEARCH_PATHS = "$(inherited) @executable_path/Frameworks";
				PRODUCT_BUNDLE_IDENTIFIER = erank3.Dictator;
				PRODUCT_NAME = "$(TARGET_NAME)";
				SWIFT_OBJC_BRIDGING_HEADER = "Dictator/Dictator-Bridging-Header.h";
			};
			name = Debug;
		};
		15C40E141CDC182600070C13 /* Release */ = {
			isa = XCBuildConfiguration;
			baseConfigurationReference = 9D0C6E1755CA3EDFECE89F54 /* Pods-Dictator.release.xcconfig */;
			buildSettings = {
				ASSETCATALOG_COMPILER_APPICON_NAME = AppIcon;
				FRAMEWORK_SEARCH_PATHS = (
					"$(inherited)",
					"$(PROJECT_DIR)",
				);
				INFOPLIST_FILE = Dictator/Info.plist;
				LD_RUNPATH_SEARCH_PATHS = "$(inherited) @executable_path/Frameworks";
				PRODUCT_BUNDLE_IDENTIFIER = erank3.Dictator;
				PRODUCT_NAME = "$(TARGET_NAME)";
				SWIFT_OBJC_BRIDGING_HEADER = "Dictator/Dictator-Bridging-Header.h";
			};
			name = Release;
		};
/* End XCBuildConfiguration section */

/* Begin XCConfigurationList section */
		15C40DF81CDC182600070C13 /* Build configuration list for PBXProject "Dictator" */ = {
			isa = XCConfigurationList;
			buildConfigurations = (
				15C40E101CDC182600070C13 /* Debug */,
				15C40E111CDC182600070C13 /* Release */,
			);
			defaultConfigurationIsVisible = 0;
			defaultConfigurationName = Release;
		};
		15C40E121CDC182600070C13 /* Build configuration list for PBXNativeTarget "Dictator" */ = {
			isa = XCConfigurationList;
			buildConfigurations = (
				15C40E131CDC182600070C13 /* Debug */,
				15C40E141CDC182600070C13 /* Release */,
			);
			defaultConfigurationIsVisible = 0;
			defaultConfigurationName = Release;
		};
/* End XCConfigurationList section */

/* Begin XCVersionGroup section */
		15C40E071CDC182600070C13 /* Dictator.xcdatamodeld */ = {
			isa = XCVersionGroup;
			children = (
				15C40E081CDC182600070C13 /* Dictator.xcdatamodel */,
			);
			currentVersion = 15C40E081CDC182600070C13 /* Dictator.xcdatamodel */;
			path = Dictator.xcdatamodeld;
			sourceTree = "<group>";
			versionGroupType = wrapper.xcdatamodel;
		};
/* End XCVersionGroup section */
	};
	rootObject = 15C40DF51CDC182600070C13 /* Project object */;
}
